
Microsoft Visual Studio Solution File, Format Version 12.00
Project("{FAE04EC0-301F-11D3-BF4B-00C04F79EFBC}") = "WebApplication", "WebApplication\WebApplication.csproj", "{32066360-801E-4FFD-9A9D-09E105058C68}"
EndProject
Global
	GlobalSection(SolutionConfigurationPlatforms) = preSolution
		Debug|Any CPU = Debug|Any CPU
		Release|Any CPU = Release|Any CPU
	EndGlobalSection
	GlobalSection(ProjectConfigurationPlatforms) = postSolution
		{32066360-801E-4FFD-9A9D-09E105058C68}.Debug|Any CPU.ActiveCfg = Debug|Any CPU
		{32066360-801E-4FFD-9A9D-09E105058C68}.Debug|Any CPU.Build.0 = Debug|Any CPU
		{32066360-801E-4FFD-9A9D-09E105058C68}.Release|Any CPU.ActiveCfg = Release|Any CPU
		{32066360-801E-4FFD-9A9D-09E105058C68}.Release|Any CPU.Build.0 = Release|Any CPU
	EndGlobalSection
EndGlobal
